
Microsoft Visual Studio Solution File, Format Version 12.00
# Visual Studio Version 16
VisualStudioVersion = 16.0.30128.74
MinimumVisualStudioVersion = 10.0.40219.1
Project("{FAE04EC0-301F-11D3-BF4B-00C04F79EFBC}") = "Uppgift2_simmel-9_consoleapp", "Uppgift2_simmel-9_consoleapp\Uppgift2_simmel-9_consoleapp.csproj", "{D39F6BAB-3096-4EBA-9F40-59961A3D8F5A}"
EndProject
Global
	GlobalSection(SolutionConfigurationPlatforms) = preSolution
		Debug|Any CPU = Debug|Any CPU
		Release|Any CPU = Release|Any CPU
	EndGlobalSection
	GlobalSection(ProjectConfigurationPlatforms) = postSolution
		{D39F6BAB-3096-4EBA-9F40-59961A3D8F5A}.Debug|Any CPU.ActiveCfg = Debug|Any CPU
		{D39F6BAB-3096-4EBA-9F40-59961A3D8F5A}.Debug|Any CPU.Build.0 = Debug|Any CPU
		{D39F6BAB-3096-4EBA-9F40-59961A3D8F5A}.Release|Any CPU.ActiveCfg = Release|Any CPU
		{D39F6BAB-3096-4EBA-9F40-59961A3D8F5A}.Release|Any CPU.Build.0 = Release|Any CPU
	EndGlobalSection
	GlobalSection(SolutionProperties) = preSolution
		HideSolutionNode = FALSE
	EndGlobalSection
	GlobalSection(ExtensibilityGlobals) = postSolution
		SolutionGuid = {1E612D1C-CC92-43B3-98A2-70987197E37F}
	EndGlobalSection
EndGlobal
